<?xml version="1.0" encoding="UTF-8"?>
<Scheme LastUpgradeVersion="2640" version="1.7">
   <BuildAction parallelizeBuildables="YES" buildImplicitDependencies="YES">
      <BuildActionEntries>
         <BuildActionEntry buildForTesting="YES" buildForRunning="YES" buildForProfiling="YES" buildForArchiving="YES" buildForAnalyzing="YES">
            <BuildableReference BuildableIdentifier="primary" BlueprintIdentifier="ED6F75960779759F5DF4FA3F"
               BuildableName="Hardset.app" BlueprintName="Hardset" ReferencedContainer="container:Hardset.xcodeproj"/>
         </BuildActionEntry>
      </BuildActionEntries>
   </BuildAction>
   <TestAction buildConfiguration="Debug" selectedDebuggerIdentifier="Xcode.DebuggerFoundation.Debugger.LLDB"
      selectedLauncherIdentifier="Xcode.DebuggerFoundation.Launcher.LLDB" shouldUseLaunchSchemeArgsEnv="YES">
      <Testables>
         <TestableReference skipped="NO">
            <BuildableReference BuildableIdentifier="primary" BlueprintIdentifier="47006484C7F8FCC897FFA8E2"
               BuildableName="HardsetTests.xctest" BlueprintName="HardsetTests" ReferencedContainer="container:Hardset.xcodeproj"/>
         </TestableReference>
         <TestableReference skipped="NO">
            <BuildableReference BuildableIdentifier="primary" BlueprintIdentifier="46F030AFE4BFE0ED784B6067"
               BuildableName="HardsetAppUITests.xctest" BlueprintName="HardsetAppUITests" ReferencedContainer="container:Hardset.xcodeproj"/>
         </TestableReference>
      </Testables>
   </TestAction>
   <LaunchAction buildConfiguration="Debug" selectedDebuggerIdentifier="Xcode.DebuggerFoundation.Debugger.LLDB"
      selectedLauncherIdentifier="Xcode.DebuggerFoundation.Launcher.LLDB" launchStyle="0"
      useCustomWorkingDirectory="NO" ignoresPersistentStateOnLaunch="NO" debugDocumentVersioning="YES"
      debugServiceExtension="internal" allowLocationSimulation="YES">
      <BuildableProductRunnable runnableDebuggingMode="0">
         <BuildableReference BuildableIdentifier="primary" BlueprintIdentifier="ED6F75960779759F5DF4FA3F"
            BuildableName="Hardset.app" BlueprintName="Hardset" ReferencedContainer="container:Hardset.xcodeproj"/>
      </BuildableProductRunnable>
   </LaunchAction>
   <ProfileAction buildConfiguration="Release" shouldUseLaunchSchemeArgsEnv="YES" savedToolIdentifier=""
      useCustomWorkingDirectory="NO" debugDocumentVersioning="YES">
      <BuildableProductRunnable runnableDebuggingMode="0">
         <BuildableReference BuildableIdentifier="primary" BlueprintIdentifier="ED6F75960779759F5DF4FA3F"
            BuildableName="Hardset.app" BlueprintName="Hardset" ReferencedContainer="container:Hardset.xcodeproj"/>
      </BuildableProductRunnable>
   </ProfileAction>
   <AnalyzeAction buildConfiguration="Debug"/>
   <ArchiveAction buildConfiguration="Release" revealArchiveInOrganizer="YES"/>
</Scheme>
